{
    "_readme": [
        "This file locks the dependencies of your project to a known state",
        "Read more about it at https://getcomposer.org/doc/01-basic-usage.md#composer-lock-the-lock-file",
        "This file is @generated automatically"
    ],
    "content-hash": "4f37de39ccd9ec5869f8d5c3d297b73e",
    "packages": [],
    "packages-dev": [
        {
            "name": "parser/composer",
            "version": "1.0.0",
            "source": {
                "type": "git",
                "url": "https://github.com/parser3/composer.git",
                "reference": "9718bea749307213acfe9b93d6d256c7ede9ec5c"
            },
            "dist": {
                "type": "zip",
                "url": "https://api.github.com/repos/parser3/composer/zipball/9718bea749307213acfe9b93d6d256c7ede9ec5c",
                "reference": "9718bea749307213acfe9b93d6d256c7ede9ec5c",
                "shasum": ""
            },
            "require": {
                "composer-plugin-api": "^1.0"
            },
            "require-dev": {
                "composer/composer": "^1.2",
                "phpunit/phpunit": "^5.6"
            },
            "type": "composer-plugin",
            "extra": {
                "class": "Parser\\Composer\\Plugin",
                "platform": {
                    "parser": "3.4.4"
                }
            },
            "autoload": {
                "psr-4": {
                    "Parser\\Composer\\": [
                        "src/"
                    ]
                }
            },
            "notification-url": "https://packagist.org/downloads/",
            "license": [
                "MIT"
            ],
            "authors": [
                {
                    "name": "Leonid Knyazev",
                    "email": "leonid@knyazev.me",
                    "homepage": "https://knyazev.me",
                    "role": "Developer"
                }
            ],
            "description": "Composer plugin for Parser3.",
            "homepage": "https://github.com/parser3/composer",
            "keywords": [
                "autoload",
                "composer",
                "parser3",
                "plugin"
            ],
            "time": "2016-11-10T09:26:01+00:00"
        }
    ],
    "aliases": [],
    "minimum-stability": "stable",
    "stability-flags": [],
    "prefer-stable": false,
    "prefer-lowest": false,
    "platform": [],
    "platform-dev": []
}
